
Microsoft Visual Studio Solution File, Format Version 12.00
# Visual Studio 2013
VisualStudioVersion = 12.0.31101.0
MinimumVisualStudioVersion = 10.0.40219.1
Project("{FAE04EC0-301F-11D3-BF4B-00C04F79EFBC}") = "PhotoShare.Web", "PhotoShare.Web\PhotoShare.Web.csproj", "{51059667-4965-4EA1-BB9D-597F53052C69}"
EndProject
Project("{FAE04EC0-301F-11D3-BF4B-00C04F79EFBC}") = "PhotoShare.Web.Tests", "PhotoShare.Web.Tests\PhotoShare.Web.Tests.csproj", "{2250C83E-9E2C-43D6-87C9-A47CF250C864}"
EndProject
Global
	GlobalSection(SolutionConfigurationPlatforms) = preSolution
		Debug|Any CPU = Debug|Any CPU
		Release|Any CPU = Release|Any CPU
	EndGlobalSection
	GlobalSection(ProjectConfigurationPlatforms) = postSolution
		{51059667-4965-4EA1-BB9D-597F53052C69}.Debug|Any CPU.ActiveCfg = Debug|Any CPU
		{51059667-4965-4EA1-BB9D-597F53052C69}.Debug|Any CPU.Build.0 = Debug|Any CPU
		{51059667-4965-4EA1-BB9D-597F53052C69}.Release|Any CPU.ActiveCfg = Release|Any CPU
		{51059667-4965-4EA1-BB9D-597F53052C69}.Release|Any CPU.Build.0 = Release|Any CPU
		{2250C83E-9E2C-43D6-87C9-A47CF250C864}.Debug|Any CPU.ActiveCfg = Debug|Any CPU
		{2250C83E-9E2C-43D6-87C9-A47CF250C864}.Debug|Any CPU.Build.0 = Debug|Any CPU
		{2250C83E-9E2C-43D6-87C9-A47CF250C864}.Release|Any CPU.ActiveCfg = Release|Any CPU
		{2250C83E-9E2C-43D6-87C9-A47CF250C864}.Release|Any CPU.Build.0 = Release|Any CPU
	EndGlobalSection
	GlobalSection(SolutionProperties) = preSolution
		HideSolutionNode = FALSE
	EndGlobalSection
EndGlobal
